
Microsoft Visual Studio Solution File, Format Version 12.00
# Visual Studio Version 17
VisualStudioVersion = 17.0.31903.59
MinimumVisualStudioVersion = 10.0.40219.1
Project("{FAE04EC0-301F-11D3-BF4B-00C04F79EFBC}") = "StreetOutlaws.Data", "StreetOutlaws.Data\StreetOutlaws.Data.csproj", "{603A2681-A781-4026-B960-D29BA0222365}"
EndProject
Project("{FAE04EC0-301F-11D3-BF4B-00C04F79EFBC}") = "StreetOutlaws.Models", "StreetOutlaws.Models\StreetOutlaws.Models.csproj", "{4F6C6464-2213-4DD8-B146-0DD9F07C1B3A}"
EndProject
Project("{FAE04EC0-301F-11D3-BF4B-00C04F79EFBC}") = "StreetOutlaws.Services", "StreetOutlaws.Services\StreetOutlaws.Services.csproj", "{FD52FBA9-0717-414C-A0A1-43744509C5B8}"
EndProject
Project("{FAE04EC0-301F-11D3-BF4B-00C04F79EFBC}") = "StreetOutlaws.MVC", "StreetOutlaws.MVC\StreetOutlaws.MVC.csproj", "{F3652820-E7D5-4705-AD96-FC5606B2F2F6}"
EndProject
Global
	GlobalSection(SolutionConfigurationPlatforms) = preSolution
		Debug|Any CPU = Debug|Any CPU
		Release|Any CPU = Release|Any CPU
	EndGlobalSection
	GlobalSection(SolutionProperties) = preSolution
		HideSolutionNode = FALSE
	EndGlobalSection
	GlobalSection(ProjectConfigurationPlatforms) = postSolution
		{603A2681-A781-4026-B960-D29BA0222365}.Debug|Any CPU.ActiveCfg = Debug|Any CPU
		{603A2681-A781-4026-B960-D29BA0222365}.Debug|Any CPU.Build.0 = Debug|Any CPU
		{603A2681-A781-4026-B960-D29BA0222365}.Release|Any CPU.ActiveCfg = Release|Any CPU
		{603A2681-A781-4026-B960-D29BA0222365}.Release|Any CPU.Build.0 = Release|Any CPU
		{4F6C6464-2213-4DD8-B146-0DD9F07C1B3A}.Debug|Any CPU.ActiveCfg = Debug|Any CPU
		{4F6C6464-2213-4DD8-B146-0DD9F07C1B3A}.Debug|Any CPU.Build.0 = Debug|Any CPU
		{4F6C6464-2213-4DD8-B146-0DD9F07C1B3A}.Release|Any CPU.ActiveCfg = Release|Any CPU
		{4F6C6464-2213-4DD8-B146-0DD9F07C1B3A}.Release|Any CPU.Build.0 = Release|Any CPU
		{FD52FBA9-0717-414C-A0A1-43744509C5B8}.Debug|Any CPU.ActiveCfg = Debug|Any CPU
		{FD52FBA9-0717-414C-A0A1-43744509C5B8}.Debug|Any CPU.Build.0 = Debug|Any CPU
		{FD52FBA9-0717-414C-A0A1-43744509C5B8}.Release|Any CPU.ActiveCfg = Release|Any CPU
		{FD52FBA9-0717-414C-A0A1-43744509C5B8}.Release|Any CPU.Build.0 = Release|Any CPU
		{F3652820-E7D5-4705-AD96-FC5606B2F2F6}.Debug|Any CPU.ActiveCfg = Debug|Any CPU
		{F3652820-E7D5-4705-AD96-FC5606B2F2F6}.Debug|Any CPU.Build.0 = Debug|Any CPU
		{F3652820-E7D5-4705-AD96-FC5606B2F2F6}.Release|Any CPU.ActiveCfg = Release|Any CPU
		{F3652820-E7D5-4705-AD96-FC5606B2F2F6}.Release|Any CPU.Build.0 = Release|Any CPU
	EndGlobalSection
EndGlobal
